# This file is autogenerated, do not edit; changes may be undone by the next 'dep ensure'.


[[projects]]
  branch = "master"
  name = "github.com/coreos/go-semver"
  packages = ["semver"]
  revision = "1817cd4bea52af76542157eeabd74b057d1a199e"

[[projects]]
  name = "github.com/eapache/go-resiliency"
  packages = ["breaker"]
  revision = "b86b1ec0dd4209a588dc1285cdd471e73525c0b3"

[[projects]]
  name = "github.com/eapache/queue"
  packages = ["."]
  revision = "ded5959c0d4e360646dc9e9908cff48666781367"
  version = "v1.0.2"

[[projects]]
  name = "github.com/golang/snappy"
  packages = ["."]
  revision = "5f1c01d9f64b941dd9582c638279d046eda6ca31"

[[projects]]
  name = "github.com/klauspost/crc32"
  packages = ["."]
  revision = "19b0b332c9e4516a6370a0456e6182c3b5036720"
  version = "v1.0"

[[projects]]
  name = "github.com/onsi/ginkgo"
  packages = [".","config","internal/codelocation","internal/containernode","internal/failer","internal/leafnodes","internal/remote","internal/spec","internal/specrunner","internal/suite","internal/testingtproxy","internal/writer","reporters","reporters/stenographer","types"]
  revision = "74c678d97c305753605c338c6c78c49ec104b5e7"

[[projects]]
  name = "github.com/onsi/gomega"
  packages = [".","format","gbytes","gexec","internal/assertion","internal/asyncassertion","internal/oraclematcher","internal/testingtsupport","matchers","matchers/support/goraph/bipartitegraph","matchers/support/goraph/edge","matchers/support/goraph/node","matchers/support/goraph/util","types"]
  revision = "9ed8da19f2156b87a803a8fdf6d126f627a12db1"

[[projects]]
  name = "github.com/pivotal-cf/on-demand-services-sdk"
  packages = ["bosh","serviceadapter"]
  revision = "ec7f14661af888f543a3eebf00dace4ae2aaae93"

[[projects]]
  name = "golang.org/x/sys"
  packages = ["unix"]
  revision = "a646d33e2ee3172a661fc09bca23bb4889a41bc8"

[[projects]]
  name = "gopkg.in/Shopify/sarama.v1"
  packages = ["."]
  revision = "4ba9bba6adb6697bcec3841e1ecdfecf5227c3b9"
  version = "v1.8.0"

[[projects]]
  name = "gopkg.in/go-playground/validator.v8"
  packages = ["."]
  revision = "014792cf3e266caff1e916876be12282b33059e0"
  version = "v8.17.1"

[[projects]]
  name = "gopkg.in/yaml.v2"
  packages = ["."]
  revision = "e4d366fc3c7938e2958e662b4258c7a89e1f0e3e"

[solve-meta]
  analyzer-name = "dep"
  analyzer-version = 1
  inputs-digest = "ed8ebba9910130c1b545624a3ee764f43f23920a2e38a662a2c697d4d84d0cd3"
  solver-name = "gps-cdcl"
  solver-version = 1
