# This file is autogenerated, do not edit; changes may be undone by the next 'dep ensure'.


[[projects]]
  branch = "master"
  digest = "1:0c15dd74b13a40dfe9c77840568167e78df00d25a1344e3685020d36b1ae6464"
  name = "code.cloudfoundry.org/lager"
  packages = ["."]
  pruneopts = "UT"
  revision = "a77e1033ba8d8e36597be5c0d384ee6054105bc2"

[[projects]]
  digest = "1:05ffeeed3f0f05520de0679f6aa3219ffee69cfd6d9fb6c194879d4c818ad670"
  name = "github.com/coreos/go-semver"
  packages = ["semver"]
  pruneopts = "UT"
  revision = "e214231b295a8ea9479f11b70b35d5acf3556d9b"
  version = "v0.3.0"

[[projects]]
  digest = "1:a2c1d0e43bd3baaa071d1b9ed72c27d78169b2b269f71c105ac4ba34b1be4a39"
  name = "github.com/davecgh/go-spew"
  packages = ["spew"]
  pruneopts = "UT"
  revision = "346938d642f2ec3594ed81d874461961cd0faa76"
  version = "v1.1.0"

[[projects]]
  digest = "1:c74f846a2e607e7dc167e836f24d157e0c71817cf3999adca45c19ba355fe988"
  name = "github.com/eapache/go-resiliency"
  packages = ["breaker"]
  pruneopts = "UT"
  revision = "6800482f2c813e689c88b7ed3282262385011890"
  version = "v1.0.0"

[[projects]]
  branch = "master"
  digest = "1:2b55f08306f24f60dab51e006c1890db08d34ccc1b92c53a08a1a6e7792e3eb8"
  name = "github.com/eapache/go-xerial-snappy"
  packages = ["."]
  pruneopts = "UT"
  revision = "bb955e01b9346ac19dc29eb16586c90ded99a98c"

[[projects]]
  digest = "1:444b82bfe35c83bbcaf84e310fb81a1f9ece03edfed586483c869e2c046aef69"
  name = "github.com/eapache/queue"
  packages = ["."]
  pruneopts = "UT"
  revision = "44cc805cf13205b55f69e14bcb69867d1ae92f98"
  version = "v1.1.0"

[[projects]]
  branch = "master"
  digest = "1:29a5ab9fa9e845fd8e8726f31b187d710afd271ef1eb32085fe3d604b7e06382"
  name = "github.com/golang/snappy"
  packages = ["."]
  pruneopts = "UT"
  revision = "553a641470496b2327abcac10b36396bd98e45c9"

[[projects]]
  digest = "1:582b704bebaa06b48c29b0cec224a6058a09c86883aaddabde889cd1a5f73e1b"
  name = "github.com/google/uuid"
  packages = ["."]
  pruneopts = "UT"
  revision = "0cd6bf5da1e1c83f8b45653022c74f71af0538a4"
  version = "v1.1.1"

[[projects]]
  digest = "1:160eabf7a69910fd74f29c692718bc2437c1c1c7d4c9dea9712357752a70e5df"
  name = "github.com/gorilla/context"
  packages = ["."]
  pruneopts = "UT"
  revision = "1ea25387ff6f684839d82767c1733ff4d4d15d0a"
  version = "v1.1"

[[projects]]
  digest = "1:88aa9e326e2bd6045a46e00a922954b3e1a9ac5787109f49ac85366df370e1e5"
  name = "github.com/gorilla/mux"
  packages = ["."]
  pruneopts = "UT"
  revision = "53c1911da2b537f792e7cafcb446b05ffe33b996"
  version = "v1.6.1"

[[projects]]
  digest = "1:f14364057165381ea296e49f8870a9ffce2b8a95e34d6ae06c759106aaef428c"
  name = "github.com/hashicorp/go-uuid"
  packages = ["."]
  pruneopts = "UT"
  revision = "4f571afc59f3043a65f8fe6bf46d887b10a01d43"
  version = "v1.0.1"

[[projects]]
  digest = "1:ae221758bdddd57f5c76f4ee5e4110af32ee62583c46299094697f8f127e63da"
  name = "github.com/jcmturner/gofork"
  packages = [
    "encoding/asn1",
    "x/crypto/pbkdf2",
  ]
  pruneopts = "UT"
  revision = "dc7c13fece037a4a36e2b3c69db4991498d30692"
  version = "v1.0.0"

[[projects]]
  digest = "1:b3ee801604856739d1005c9c19def743f75178884e17106a2269f0dcc797977c"
  name = "github.com/klauspost/compress"
  packages = [
    "fse",
    "huff0",
    "snappy",
    "zstd",
    "zstd/internal/xxhash",
  ]
  pruneopts = "UT"
  revision = "da9470192e5d0ad619defde5ded583e5e907d3e8"
  version = "v1.8.6"

[[projects]]
  digest = "1:f4cbb10407f60c0263738e7b219b80ba99516aa9da187f44680d5b29360b3c9f"
  name = "github.com/onsi/ginkgo"
  packages = [
    ".",
    "config",
    "internal/codelocation",
    "internal/containernode",
    "internal/failer",
    "internal/leafnodes",
    "internal/remote",
    "internal/spec",
    "internal/spec_iterator",
    "internal/specrunner",
    "internal/suite",
    "internal/testingtproxy",
    "internal/writer",
    "reporters",
    "reporters/stenographer",
    "reporters/stenographer/support/go-colorable",
    "reporters/stenographer/support/go-isatty",
    "types",
  ]
  pruneopts = "UT"
  revision = "9eda700730cba42af70d53180f9dcce9266bc2bc"
  version = "v1.4.0"

[[projects]]
  digest = "1:f7972020aa715891374f50b4619442cbde533fa35f2ced3756a4f597c85ad191"
  name = "github.com/onsi/gomega"
  packages = [
    ".",
    "format",
    "gbytes",
    "gexec",
    "internal/assertion",
    "internal/asyncassertion",
    "internal/oraclematcher",
    "internal/testingtsupport",
    "matchers",
    "matchers/support/goraph/bipartitegraph",
    "matchers/support/goraph/edge",
    "matchers/support/goraph/node",
    "matchers/support/goraph/util",
    "types",
  ]
  pruneopts = "UT"
  revision = "003f63b7f4cff3fc95357005358af2de0f5fe152"
  version = "v1.3.0"

[[projects]]
  digest = "1:e5d0bd87abc2781d14e274807a470acd180f0499f8bf5bb18606e9ec22ad9de9"
  name = "github.com/pborman/uuid"
  packages = ["."]
  pruneopts = "UT"
  revision = "adf5a7427709b9deb95d29d3fa8a2bf9cfd388f1"
  version = "v1.2"

[[projects]]
  digest = "1:34833843589f17bb48234a8cdd36b1038aed85a09d60e30fc73891b7d89b6c1d"
  name = "github.com/pierrec/lz4"
  packages = ["."]
  pruneopts = "UT"
  revision = "2fcda4cb7018ce05a25959d2fe08c83e3329f169"
  version = "v1.1"

[[projects]]
  digest = "1:186e021e0c2fa61e181151d8b2fef4d2b6b217a55794bd591de73773b934a32a"
  name = "github.com/pierrec/xxHash"
  packages = ["xxHash32"]
  pruneopts = "UT"
  revision = "f051bb7f1d1aaf1b5a665d74fb6b0217712c69f7"
  version = "v0.1.1"

[[projects]]
  digest = "1:2974cdfde7c48d4506a2e86bb13eeaed602b65e6c0461da5c8aac3256ca721cb"
  name = "github.com/pivotal-cf/brokerapi"
  packages = [
    ".",
    "auth",
    "domain",
    "domain/apiresponses",
    "handlers",
    "middlewares",
    "utils",
  ]
  pruneopts = "UT"
  revision = "134c188e3246e8e28ba1336dd37e1e3fe27cf611"
  version = "v6.5.0"

[[projects]]
  branch = "master"
  digest = "1:747ea1d565016e9c169157965cbb706ba67b52d84e397f1c74a43e0cf0a331ac"
  name = "github.com/pivotal-cf/on-demand-services-sdk"
  packages = [
    "bosh",
    "serviceadapter",
  ]
  pruneopts = "UT"
  revision = "55caf23e94ff5209ed77fa8d56cda2b43380293f"

[[projects]]
  digest = "1:40e195917a951a8bf867cd05de2a46aaf1806c50cf92eebf4c16f78cd196f747"
  name = "github.com/pkg/errors"
  packages = ["."]
  pruneopts = "UT"
  revision = "645ef00459ed84a119197bfb8d8205042c6df63d"
  version = "v0.8.0"

[[projects]]
  branch = "master"
  digest = "1:ed2aa78f23d3ea314c6abdd1763f8635d9b8d1556d87bb867559b45e471c1ed3"
  name = "github.com/rcrowley/go-metrics"
  packages = ["."]
  pruneopts = "UT"
  revision = "e181e095bae94582363434144c61a9653aff6e50"

[[projects]]
  branch = "master"
  digest = "1:04b43fe96213ea69cfa6e6b8be218a43a375035ea09d9bdda9fed2691f5a7e76"
  name = "golang.org/x/crypto"
  packages = [
    "md4",
    "pbkdf2",
  ]
  pruneopts = "UT"
  revision = "60c769a6c58655dab1b9adac0d58967dd517cfba"

[[projects]]
  branch = "master"
  digest = "1:cd87843fd2a064a9a1f877135fff368e2a939cf8486a27e26b8af27d43f47888"
  name = "golang.org/x/net"
  packages = [
    "html",
    "html/atom",
    "html/charset",
    "proxy",
  ]
  pruneopts = "UT"
  revision = "0ed95abb35c445290478a5348a7b38bb154135fd"

[[projects]]
  branch = "master"
  digest = "1:b06c5fef67f2764fc1e39306d34c44db8a16f819eaad825eff9c104a841bd44c"
  name = "golang.org/x/sys"
  packages = ["unix"]
  pruneopts = "UT"
  revision = "ef802241c90f84d84d644a2d8d0de8ee96038c9c"

[[projects]]
  branch = "master"
  digest = "1:aa4d6967a3237f8367b6bf91503964a77183ecf696f1273e8ad3551bb4412b5f"
  name = "golang.org/x/text"
  packages = [
    "encoding",
    "encoding/charmap",
    "encoding/htmlindex",
    "encoding/internal",
    "encoding/internal/identifier",
    "encoding/japanese",
    "encoding/korean",
    "encoding/simplifiedchinese",
    "encoding/traditionalchinese",
    "encoding/unicode",
    "internal/gen",
    "internal/tag",
    "internal/utf8internal",
    "language",
    "runes",
    "transform",
    "unicode/cldr",
  ]
  pruneopts = "UT"
  revision = "e19ae1496984b1c655b8044a65c0300a3c878dd3"

[[projects]]
  digest = "1:6a3120bd3297497861522b06ba0067f3b902434dceb5ae7bc90322b80cf729aa"
  name = "gopkg.in/Shopify/sarama.v1"
  packages = ["."]
  pruneopts = "UT"
  revision = "1358e9c6e61694cd61b2daae79f5aa4b8073c976"
  version = "v1.24.0"

[[projects]]
  digest = "1:cbc72c4c4886a918d6ab4b95e347ffe259846260f99ebdd8a198c2331cf2b2e9"
  name = "gopkg.in/go-playground/validator.v8"
  packages = ["."]
  pruneopts = "UT"
  revision = "5f1438d3fca68893a817e4a66806cea46a9e4ebf"
  version = "v8.18.2"

[[projects]]
  digest = "1:c902038ee2d6f964d3b9f2c718126571410c5d81251cbab9fe58abd37803513c"
  name = "gopkg.in/jcmturner/aescts.v1"
  packages = ["."]
  pruneopts = "UT"
  revision = "f6abebb3171c4c1b1fea279cb7c7325020a26290"
  version = "v1.0.1"

[[projects]]
  digest = "1:a1a3e185c03d79a7452d5d5b4c91be4cc433f55e6ed3a35233d852c966e39013"
  name = "gopkg.in/jcmturner/dnsutils.v1"
  packages = ["."]
  pruneopts = "UT"
  revision = "13eeb8d49ffb74d7a75784c35e4d900607a3943c"
  version = "v1.0.1"

[[projects]]
  digest = "1:dc01a587d07be012625ba63df6d4224ae6d7a83e79bfebde6d987c10538d66dd"
  name = "gopkg.in/jcmturner/gokrb5.v7"
  packages = [
    "asn1tools",
    "client",
    "config",
    "credentials",
    "crypto",
    "crypto/common",
    "crypto/etype",
    "crypto/rfc3961",
    "crypto/rfc3962",
    "crypto/rfc4757",
    "crypto/rfc8009",
    "gssapi",
    "iana",
    "iana/addrtype",
    "iana/adtype",
    "iana/asnAppTag",
    "iana/chksumtype",
    "iana/errorcode",
    "iana/etypeID",
    "iana/flags",
    "iana/keyusage",
    "iana/msgtype",
    "iana/nametype",
    "iana/patype",
    "kadmin",
    "keytab",
    "krberror",
    "messages",
    "pac",
    "types",
  ]
  pruneopts = "UT"
  revision = "363118e62befa8a14ff01031c025026077fe5d6d"
  version = "v7.3.0"

[[projects]]
  digest = "1:0f16d9c577198e3b8d3209f5a89aabe679525b2aba2a7548714e973035c0e232"
  name = "gopkg.in/jcmturner/rpc.v1"
  packages = [
    "mstypes",
    "ndr",
  ]
  pruneopts = "UT"
  revision = "99a8ce2fbf8b8087b6ed12a37c61b10f04070043"
  version = "v1.1.0"

[[projects]]
  digest = "1:59f10c1537d2199d9115d946927fe31165959a95190849c82ff11e05803528b0"
  name = "gopkg.in/yaml.v2"
  packages = ["."]
  pruneopts = "UT"
  revision = "f221b8435cfb71e54062f6c6e99e9ade30b124d5"
  version = "v2.2.4"

[solve-meta]
  analyzer-name = "dep"
  analyzer-version = 1
  input-imports = [
    "github.com/coreos/go-semver/semver",
    "github.com/onsi/ginkgo",
    "github.com/onsi/gomega",
    "github.com/onsi/gomega/gexec",
    "github.com/pivotal-cf/on-demand-services-sdk/bosh",
    "github.com/pivotal-cf/on-demand-services-sdk/serviceadapter",
    "gopkg.in/Shopify/sarama.v1",
    "gopkg.in/yaml.v2",
  ]
  solver-name = "gps-cdcl"
  solver-version = 1
